uuid: 0f1ff9d4-a093-498e-afbe-fe81851ef3e8
langcode: en
status: true
dependencies:
  module:
    - system
active_version: 06b3cc5fcc1086d4
versioned_properties:
  active:
    settings:
      default_settings:
        id: system_clear_cache_block
        label: 'Clear cache'
        label_display: '0'
        provider: system
    fallback_metadata:
      slot_definitions: null
label: 'Clear cache'
id: block.system_clear_cache_block
provider: system
source: block
source_local_id: system_clear_cache_block
category: System
