uuid: e0ba6c5a-5d61-47c8-bddb-071ed30fe271
langcode: en
status: true
dependencies:
  module:
    - help
active_version: 620979b5a309a407
versioned_properties:
  active:
    settings:
      default_settings:
        id: help_block
        label: Help
        label_display: '0'
        provider: help
    fallback_metadata:
      slot_definitions: null
label: Help
id: block.help_block
provider: help
source: block
source_local_id: help_block
category: Help
